# generated by rye
# use `rye lock` or `rye sync` to update this lockfile
#
# last locked with the following flags:
#   pre: false
#   features: []
#   all-features: false
#   with-sources: false

--trusted-host mirrors.aliyun.com
-e file:.
aioquic==0.9.25
aiosiduck==0.1.2
attrs==23.2.0
certifi==2023.11.17
cffi==1.16.0
cryptography==42.0.2
pyasn1==0.5.1
pyasn1-modules==0.3.0
pycparser==2.21
pylsqpack==0.3.18
pyopenssl==24.0.0
service-identity==24.1.0
